
Microsoft Visual Studio Solution File, Format Version 12.00
# Visual Studio 14
VisualStudioVersion = 14.0.25420.1
MinimumVisualStudioVersion = 10.0.40219.1
Project("{FAE04EC0-301F-11D3-BF4B-00C04F79EFBC}") = "WebApp", "WebApp\WebApp.csproj", "{64DCF2F1-3599-49B7-B9B5-F747FD3B3094}"
EndProject
Project("{FAE04EC0-301F-11D3-BF4B-00C04F79EFBC}") = "WebApp.Tests", "WebApp.Tests\WebApp.Tests.csproj", "{8F02C649-3610-4DFF-84D2-DE0DE34104AC}"
EndProject
Project("{FAE04EC0-301F-11D3-BF4B-00C04F79EFBC}") = "WebApi", "WebApi\WebApi.csproj", "{42BCA48F-8AB3-4AB5-B37F-3668D55647B5}"
EndProject
Global
	GlobalSection(SolutionConfigurationPlatforms) = preSolution
		Debug|Any CPU = Debug|Any CPU
		Release|Any CPU = Release|Any CPU
	EndGlobalSection
	GlobalSection(ProjectConfigurationPlatforms) = postSolution
		{64DCF2F1-3599-49B7-B9B5-F747FD3B3094}.Debug|Any CPU.ActiveCfg = Debug|Any CPU
		{64DCF2F1-3599-49B7-B9B5-F747FD3B3094}.Debug|Any CPU.Build.0 = Debug|Any CPU
		{64DCF2F1-3599-49B7-B9B5-F747FD3B3094}.Release|Any CPU.ActiveCfg = Release|Any CPU
		{64DCF2F1-3599-49B7-B9B5-F747FD3B3094}.Release|Any CPU.Build.0 = Release|Any CPU
		{8F02C649-3610-4DFF-84D2-DE0DE34104AC}.Debug|Any CPU.ActiveCfg = Debug|Any CPU
		{8F02C649-3610-4DFF-84D2-DE0DE34104AC}.Debug|Any CPU.Build.0 = Debug|Any CPU
		{8F02C649-3610-4DFF-84D2-DE0DE34104AC}.Release|Any CPU.ActiveCfg = Release|Any CPU
		{8F02C649-3610-4DFF-84D2-DE0DE34104AC}.Release|Any CPU.Build.0 = Release|Any CPU
		{42BCA48F-8AB3-4AB5-B37F-3668D55647B5}.Debug|Any CPU.ActiveCfg = Debug|Any CPU
		{42BCA48F-8AB3-4AB5-B37F-3668D55647B5}.Debug|Any CPU.Build.0 = Debug|Any CPU
		{42BCA48F-8AB3-4AB5-B37F-3668D55647B5}.Release|Any CPU.ActiveCfg = Release|Any CPU
		{42BCA48F-8AB3-4AB5-B37F-3668D55647B5}.Release|Any CPU.Build.0 = Release|Any CPU
	EndGlobalSection
	GlobalSection(SolutionProperties) = preSolution
		HideSolutionNode = FALSE
	EndGlobalSection
EndGlobal
